
Microsoft Visual Studio Solution File, Format Version 12.00
Project("{FAE04EC0-301F-11D3-BF4B-00C04F79EFBC}") = "web_technologies_itmo_2024", "web_technologies_itmo_2024\web_technologies_itmo_2024.csproj", "{CE5E6BFB-156A-45E1-85A1-2AAC84754986}"
EndProject
Global
	GlobalSection(SolutionConfigurationPlatforms) = preSolution
		Debug|Any CPU = Debug|Any CPU
		Release|Any CPU = Release|Any CPU
	EndGlobalSection
	GlobalSection(ProjectConfigurationPlatforms) = postSolution
		{CE5E6BFB-156A-45E1-85A1-2AAC84754986}.Debug|Any CPU.ActiveCfg = Debug|Any CPU
		{CE5E6BFB-156A-45E1-85A1-2AAC84754986}.Debug|Any CPU.Build.0 = Debug|Any CPU
		{CE5E6BFB-156A-45E1-85A1-2AAC84754986}.Release|Any CPU.ActiveCfg = Release|Any CPU
		{CE5E6BFB-156A-45E1-85A1-2AAC84754986}.Release|Any CPU.Build.0 = Release|Any CPU
	EndGlobalSection
EndGlobal
